<?xml version="1.0" encoding="utf-8"?>
<Project ToolsVersion="4.0" xmlns="http://schemas.microsoft.com/developer/msbuild/2003">
  <ItemGroup>
    <Filter Include="源文件">
      <UniqueIdentifier>{4FC737F1-C7A5-4376-A066-2A32D752A2FF}</UniqueIdentifier>
      <Extensions>cpp;c;cc;cxx;c++;def;odl;idl;hpj;bat;asm;asmx</Extensions>
    </Filter>
    <Filter Include="头文件">
      <UniqueIdentifier>{93995380-89BD-4b04-88EB-625FBE52EBFB}</UniqueIdentifier>
      <Extensions>h;hh;hpp;hxx;h++;hm;inl;inc;ipp;xsd</Extensions>
    </Filter>
    <Filter Include="资源文件">
      <UniqueIdentifier>{67DA6AB6-F800-4c08-8B7A-83BB121AAD01}</UniqueIdentifier>
      <Extensions>rc;ico;cur;bmp;dlg;rc2;rct;bin;rgs;gif;jpg;jpeg;jpe;resx;tiff;tif;png;wav;mfcribbon-ms</Extensions>
    </Filter>
  </ItemGroup>
  <ItemGroup>
    <ClCompile Include="src\glad.c">
      <Filter>源文件</Filter>
    </ClCompile>
    <ClCompile Include="src\Main.cpp">
      <Filter>源文件</Filter>
    </ClCompile>
    <ClCompile Include="src\stbi_image.cpp">
      <Filter>源文件</Filter>
    </ClCompile>
    <ClCompile Include="src\Render\FrameBuffer.cpp">
      <Filter>源文件</Filter>
    </ClCompile>
    <ClCompile Include="src\Render\RayTracer.cpp">
      <Filter>源文件</Filter>
    </ClCompile>
    <ClCompile Include="src\Render\Renderer.cpp">
      <Filter>源文件</Filter>
    </ClCompile>
    <ClCompile Include="src\Structure\BoundingBox.cpp">
      <Filter>源文件</Filter>
    </ClCompile>
    <ClCompile Include="src\Structure\IntersectionInfo.cpp">
      <Filter>源文件</Filter>
    </ClCompile>
    <ClCompile Include="src\Structure\Material.cpp">
      <Filter>源文件</Filter>
    </ClCompile>
    <ClCompile Include="src\Structure\Object.cpp">
      <Filter>源文件</Filter>
    </ClCompile>
    <ClCompile Include="src\Structure\Ray.cpp">
      <Filter>源文件</Filter>
    </ClCompile>
    <ClCompile Include="src\Structure\Utils.cpp">
      <Filter>源文件</Filter>
    </ClCompile>
    <ClCompile Include="src\Structure\SceneObject\Sphere.cpp">
      <Filter>源文件</Filter>
    </ClCompile>
    <ClCompile Include="src\Structure\SceneObject\Triangle.cpp">
      <Filter>源文件</Filter>
    </ClCompile>
    <ClCompile Include="src\Content\Scene.cpp">
      <Filter>源文件</Filter>
    </ClCompile>
    <ClCompile Include="src\Render\Camera.cpp">
      <Filter>源文件</Filter>
    </ClCompile>
    <ClCompile Include="src\Structure\Materials\DiffuseMat.cpp">
      <Filter>源文件</Filter>
    </ClCompile>
    <ClCompile Include="src\Structure\Materials\MetalMat.cpp">
      <Filter>源文件</Filter>
    </ClCompile>
    <ClCompile Include="src\Structure\Materials\NormalMat.cpp">
      <Filter>源文件</Filter>
    </ClCompile>
    <ClCompile Include="src\Structure\Materials\GlassMat.cpp">
      <Filter>源文件</Filter>
    </ClCompile>
    <ClCompile Include="src\Structure\Materials\LightMat.cpp">
      <Filter>源文件</Filter>
    </ClCompile>
    <ClCompile Include="src\Structure\SceneObject\TriangleMesh.cpp">
      <Filter>源文件</Filter>
    </ClCompile>
    <ClCompile Include="src\Structure\AccelStructure\BVH.cpp">
      <Filter>源文件</Filter>
    </ClCompile>
    <ClCompile Include="src\Structure\AccelStructure\BVHSAH.cpp">
      <Filter>源文件</Filter>
    </ClCompile>
  </ItemGroup>
  <ItemGroup>
    <ClInclude Include="src\Render\FrameBuffer.h">
      <Filter>头文件</Filter>
    </ClInclude>
    <ClInclude Include="src\Render\RayTracer.h">
      <Filter>头文件</Filter>
    </ClInclude>
    <ClInclude Include="src\Render\Renderer.h">
      <Filter>头文件</Filter>
    </ClInclude>
    <ClInclude Include="src\Structure\BoundingBox.h">
      <Filter>头文件</Filter>
    </ClInclude>
    <ClInclude Include="src\Structure\IntersectionInfo.h">
      <Filter>头文件</Filter>
    </ClInclude>
    <ClInclude Include="src\Structure\Material.h">
      <Filter>头文件</Filter>
    </ClInclude>
    <ClInclude Include="src\Structure\Object.h">
      <Filter>头文件</Filter>
    </ClInclude>
    <ClInclude Include="src\Structure\Ray.h">
      <Filter>头文件</Filter>
    </ClInclude>
    <ClInclude Include="src\Structure\Utils.h">
      <Filter>头文件</Filter>
    </ClInclude>
    <ClInclude Include="src\Structure\SceneObject\Sphere.h">
      <Filter>头文件</Filter>
    </ClInclude>
    <ClInclude Include="src\Structure\SceneObject\Triangle.h">
      <Filter>头文件</Filter>
    </ClInclude>
    <ClInclude Include="src\OBJ_Loader.hpp">
      <Filter>头文件</Filter>
    </ClInclude>
    <ClInclude Include="src\Content\Scene.h">
      <Filter>头文件</Filter>
    </ClInclude>
    <ClInclude Include="src\Structure\SceneObject\TriangleMesh.h">
      <Filter>头文件</Filter>
    </ClInclude>
    <ClInclude Include="src\Render\Camera.h">
      <Filter>头文件</Filter>
    </ClInclude>
    <ClInclude Include="src\Structure\Materials\DiffuseMat.h">
      <Filter>头文件</Filter>
    </ClInclude>
    <ClInclude Include="src\Structure\Materials\MetalMat.h">
      <Filter>头文件</Filter>
    </ClInclude>
    <ClInclude Include="src\Structure\Materials\NormalMat.h">
      <Filter>头文件</Filter>
    </ClInclude>
    <ClInclude Include="src\Structure\Materials\GlassMat.h">
      <Filter>头文件</Filter>
    </ClInclude>
    <ClInclude Include="src\Structure\Materials\MaterialFactory.h">
      <Filter>头文件</Filter>
    </ClInclude>
    <ClInclude Include="src\Structure\Materials\LightMat.h">
      <Filter>头文件</Filter>
    </ClInclude>
    <ClInclude Include="src\Structure\AccelStructure\BVH.h">
      <Filter>头文件</Filter>
    </ClInclude>
    <ClInclude Include="src\Structure\AccelStructure\AccelStructure.h">
      <Filter>头文件</Filter>
    </ClInclude>
    <ClInclude Include="src\Structure\AccelStructure\BVHSAH.h">
      <Filter>头文件</Filter>
    </ClInclude>
  </ItemGroup>
</Project>